
Microsoft Visual Studio Solution File, Format Version 12.00
# Visual Studio Version 17
VisualStudioVersion = 17.6.33815.320
MinimumVisualStudioVersion = 10.0.40219.1
Project("{FAE04EC0-301F-11D3-BF4B-00C04F79EFBC}") = "GeoBuyerParser", "GeoBuyerParser\GeoBuyerParser.csproj", "{6F9D1034-4264-45A5-AF5A-1FB3A372AB38}"
EndProject
Global
	GlobalSection(SolutionConfigurationPlatforms) = preSolution
		Debug|Any CPU = Debug|Any CPU
		Release|Any CPU = Release|Any CPU
	EndGlobalSection
	GlobalSection(ProjectConfigurationPlatforms) = postSolution
		{6F9D1034-4264-45A5-AF5A-1FB3A372AB38}.Debug|Any CPU.ActiveCfg = Debug|Any CPU
		{6F9D1034-4264-45A5-AF5A-1FB3A372AB38}.Debug|Any CPU.Build.0 = Debug|Any CPU
		{6F9D1034-4264-45A5-AF5A-1FB3A372AB38}.Release|Any CPU.ActiveCfg = Release|Any CPU
		{6F9D1034-4264-45A5-AF5A-1FB3A372AB38}.Release|Any CPU.Build.0 = Release|Any CPU
	EndGlobalSection
	GlobalSection(SolutionProperties) = preSolution
		HideSolutionNode = FALSE
	EndGlobalSection
	GlobalSection(ExtensibilityGlobals) = postSolution
		SolutionGuid = {53714401-FEF6-4689-BE23-F9CBCA503BA0}
	EndGlobalSection
EndGlobal
